{
  "name": "vit-vue",
  "version": "0.0.0",
  "lockfileVersion": 1,
  "requires": true,
  "dependencies": {
    "@babel/code-frame": {
      "version": "7.14.5",
      "resolved": "http://10.10.5.36:4873/@babel%2fcode-frame/-/code-frame-7.14.5.tgz",
      "integrity": "sha1-I7CNdA6D9JxeWZRfvxtD6Au/Tts=",
      "dev": true,
      "requires": {
        "@babel/highlight": "^7.14.5"
      }
    },
    "@babel/helper-validator-identifier": {
      "version": "7.14.9",
      "resolved": "http://10.10.5.36:4873/@babel%2fhelper-validator-identifier/-/helper-validator-identifier-7.14.9.tgz",
      "integrity": "sha1-ZlTRcbICT22O4VG/JQlpmRkTHUg="
    },
    "@babel/highlight": {
      "version": "7.14.5",
      "resolved": "http://10.10.5.36:4873/@babel%2fhighlight/-/highlight-7.14.5.tgz",
      "integrity": "sha1-aGGlLwOWZAUAH2qlNKAaJNmejNk=",
      "dev": true,
      "requires": {
        "@babel/helper-validator-identifier": "^7.14.5",
        "chalk": "^2.0.0",
        "js-tokens": "^4.0.0"
      },
      "dependencies": {
        "ansi-styles": {
          "version": "3.2.1",
          "resolved": "http://10.10.5.36:4873/ansi-styles/-/ansi-styles-3.2.1.tgz",
          "integrity": "sha1-QfuyAkPlCxK+DwS43tvwdSDOhB0=",
          "dev": true,
          "requires": {
            "color-convert": "^1.9.0"
          }
        },
        "chalk": {
          "version": "2.4.2",
          "resolved": "http://10.10.5.36:4873/chalk/-/chalk-2.4.2.tgz",
          "integrity": "sha1-zUJUFnelQzPPVBpJEIwUMrRMlCQ=",
          "dev": true,
          "requires": {
            "ansi-styles": "^3.2.1",
            "escape-string-regexp": "^1.0.5",
            "supports-color": "^5.3.0"
          }
        },
        "color-convert": {
          "version": "1.9.3",
          "resolved": "http://10.10.5.36:4873/color-convert/-/color-convert-1.9.3.tgz",
          "integrity": "sha1-u3GFBpDh8TZWfeYp0tVHHe2kweg=",
          "dev": true,
          "requires": {
            "color-name": "1.1.3"
          }
        },
        "color-name": {
          "version": "1.1.3",
          "resolved": "http://10.10.5.36:4873/color-name/-/color-name-1.1.3.tgz",
          "integrity": "sha1-p9BVi9icQveV3UIyj3QIMcpTvCU=",
          "dev": true
        },
        "has-flag": {
          "version": "3.0.0",
          "resolved": "http://10.10.5.36:4873/has-flag/-/has-flag-3.0.0.tgz",
          "integrity": "sha1-tdRU3CGZriJWmfNGfloH87lVuv0=",
          "dev": true
        },
        "supports-color": {
          "version": "5.5.0",
          "resolved": "http://10.10.5.36:4873/supports-color/-/supports-color-5.5.0.tgz",
          "integrity": "sha1-4uaaRKyHcveKHsCzW2id9lMO/I8=",
          "dev": true,
          "requires": {
            "has-flag": "^3.0.0"
          }
        }
      }
    },
    "@babel/parser": {
      "version": "7.15.3",
      "resolved": "http://10.10.5.36:4873/@babel%2fparser/-/parser-7.15.3.tgz",
      "integrity": "sha1-NBbZvqdIBSz8tj28wnNoEFse2GI="
    },
    "@babel/types": {
      "version": "7.15.0",
      "resolved": "http://10.10.5.36:4873/@babel%2ftypes/-/types-7.15.0.tgz",
      "integrity": "sha1-Ya8R8ihsTpxpyo3rX0N1pzxy3L0=",
      "requires": {
        "@babel/helper-validator-identifier": "^7.14.9",
        "to-fast-properties": "^2.0.0"
      }
    },
    "@types/estree": {
      "version": "0.0.48",
      "resolved": "http://10.10.5.36:4873/@types%2festree/-/estree-0.0.48.tgz",
      "integrity": "sha1-GNyAkbKF35DbLyWqfZBs/DlLf3Q=",
      "dev": true
    },
    "@types/parse-json": {
      "version": "4.0.0",
      "resolved": "http://10.10.5.36:4873/@types%2fparse-json/-/parse-json-4.0.0.tgz",
      "integrity": "sha1-L4u0QUNNFjs1+4/9zNcTiSf/uMA=",
      "dev": true
    },
    "@vitejs/plugin-vue": {
      "version": "1.4.0",
      "resolved": "http://10.10.5.36:4873/@vitejs%2fplugin-vue/-/plugin-vue-1.4.0.tgz",
      "integrity": "sha1-lirgG3/RatQAeJjGTtY5E24SIVs=",
      "dev": true
    },
    "@vue/compiler-core": {
      "version": "3.2.4",
      "resolved": "http://10.10.5.36:4873/@vue%2fcompiler-core/-/compiler-core-3.2.4.tgz",
      "integrity": "sha1-qY0pV3GZjB6NzMTuPVL+sUsCrqk=",
      "requires": {
        "@babel/parser": "^7.12.0",
        "@babel/types": "^7.12.0",
        "@vue/shared": "3.2.4",
        "estree-walker": "^2.0.1",
        "source-map": "^0.6.1"
      }
    },
    "@vue/compiler-dom": {
      "version": "3.2.4",
      "resolved": "http://10.10.5.36:4873/@vue%2fcompiler-dom/-/compiler-dom-3.2.4.tgz",
      "integrity": "sha1-OkPeJD66Enq75X55aguWnS33jAg=",
      "requires": {
        "@vue/compiler-core": "3.2.4",
        "@vue/shared": "3.2.4"
      }
    },
    "@vue/compiler-sfc": {
      "version": "3.2.4",
      "resolved": "http://10.10.5.36:4873/@vue%2fcompiler-sfc/-/compiler-sfc-3.2.4.tgz",
      "integrity": "sha1-mAeGjMlQKR8WPDkwqBuxbocN8Jc=",
      "dev": true,
      "requires": {
        "@babel/parser": "^7.13.9",
        "@babel/types": "^7.13.0",
        "@types/estree": "^0.0.48",
        "@vue/compiler-core": "3.2.4",
        "@vue/compiler-dom": "3.2.4",
        "@vue/compiler-ssr": "3.2.4",
        "@vue/shared": "3.2.4",
        "consolidate": "^0.16.0",
        "estree-walker": "^2.0.1",
        "hash-sum": "^2.0.0",
        "lru-cache": "^5.1.1",
        "magic-string": "^0.25.7",
        "merge-source-map": "^1.1.0",
        "postcss": "^8.1.10",
        "postcss-modules": "^4.0.0",
        "postcss-selector-parser": "^6.0.4",
        "source-map": "^0.6.1"
      }
    },
    "@vue/compiler-ssr": {
      "version": "3.2.4",
      "resolved": "http://10.10.5.36:4873/@vue%2fcompiler-ssr/-/compiler-ssr-3.2.4.tgz",
      "integrity": "sha1-vlHyGcIEKz5TA3PmC8Emraa7HMA=",
      "dev": true,
      "requires": {
        "@vue/compiler-dom": "3.2.4",
        "@vue/shared": "3.2.4"
      }
    },
    "@vue/reactivity": {
      "version": "3.2.4",
      "resolved": "http://10.10.5.36:4873/@vue%2freactivity/-/reactivity-3.2.4.tgz",
      "integrity": "sha1-oCCtflD2dCGaB3ZLEFtZIuYVl+o=",
      "requires": {
        "@vue/shared": "3.2.4"
      }
    },
    "@vue/runtime-core": {
      "version": "3.2.4",
      "resolved": "http://10.10.5.36:4873/@vue%2fruntime-core/-/runtime-core-3.2.4.tgz",
      "integrity": "sha1-2l3ePcHkjfmd0x6pqXL1wCrNw/U=",
      "requires": {
        "@vue/reactivity": "3.2.4",
        "@vue/shared": "3.2.4"
      }
    },
    "@vue/runtime-dom": {
      "version": "3.2.4",
      "resolved": "http://10.10.5.36:4873/@vue%2fruntime-dom/-/runtime-dom-3.2.4.tgz",
      "integrity": "sha1-ECVZXyrpmhL+Dh5rzo32dh7+wks=",
      "requires": {
        "@vue/runtime-core": "3.2.4",
        "@vue/shared": "3.2.4",
        "csstype": "^2.6.8"
      }
    },
    "@vue/shared": {
      "version": "3.2.4",
      "resolved": "http://10.10.5.36:4873/@vue%2fshared/-/shared-3.2.4.tgz",
      "integrity": "sha1-uioJUnr/8nso0I+SG0pZfpUEyno="
    },
    "aggregate-error": {
      "version": "3.1.0",
      "resolved": "http://10.10.5.36:4873/aggregate-error/-/aggregate-error-3.1.0.tgz",
      "integrity": "sha1-kmcP9Q9TWb23o+DUDQ7DDFc3aHo=",
      "dev": true,
      "requires": {
        "clean-stack": "^2.0.0",
        "indent-string": "^4.0.0"
      }
    },
    "ansi-colors": {
      "version": "4.1.1",
      "resolved": "http://10.10.5.36:4873/ansi-colors/-/ansi-colors-4.1.1.tgz",
      "integrity": "sha1-y7muJWv3UK8eqzRPIpqif+lLo0g=",
      "dev": true
    },
    "ansi-escapes": {
      "version": "4.3.2",
      "resolved": "http://10.10.5.36:4873/ansi-escapes/-/ansi-escapes-4.3.2.tgz",
      "integrity": "sha1-ayKR0dt9mLZSHV8e+kLQ86n+tl4=",
      "dev": true,
      "requires": {
        "type-fest": "^0.21.3"
      }
    },
    "ansi-regex": {
      "version": "5.0.0",
      "resolved": "http://10.10.5.36:4873/ansi-regex/-/ansi-regex-5.0.0.tgz",
      "integrity": "sha1-OIU59VF5vzkznIGvMKZU1p+Hy3U=",
      "dev": true
    },
    "ansi-styles": {
      "version": "4.3.0",
      "resolved": "http://10.10.5.36:4873/ansi-styles/-/ansi-styles-4.3.0.tgz",
      "integrity": "sha1-7dgDYornHATIWuegkG7a00tkiTc=",
      "dev": true,
      "requires": {
        "color-convert": "^2.0.1"
      }
    },
    "astral-regex": {
      "version": "2.0.0",
      "resolved": "http://10.10.5.36:4873/astral-regex/-/astral-regex-2.0.0.tgz",
      "integrity": "sha1-SDFDxWeu7UeFdZwIZXhtx319LjE=",
      "dev": true
    },
    "big.js": {
      "version": "5.2.2",
      "resolved": "http://10.10.5.36:4873/big.js/-/big.js-5.2.2.tgz",
      "integrity": "sha1-ZfCvOC9Xi83HQr2cKB6cstd2gyg=",
      "dev": true
    },
    "bluebird": {
      "version": "3.7.2",
      "resolved": "http://10.10.5.36:4873/bluebird/-/bluebird-3.7.2.tgz",
      "integrity": "sha1-nyKcFb4nJFT/qXOs4NvueaGww28=",
      "dev": true
    },
    "braces": {
      "version": "3.0.2",
      "resolved": "http://10.10.5.36:4873/braces/-/braces-3.0.2.tgz",
      "integrity": "sha1-NFThpGLujVmeI23zNs2epPiv4Qc=",
      "dev": true,
      "requires": {
        "fill-range": "^7.0.1"
      }
    },
    "callsites": {
      "version": "3.1.0",
      "resolved": "http://10.10.5.36:4873/callsites/-/callsites-3.1.0.tgz",
      "integrity": "sha1-s2MKvYlDQy9Us/BRkjjjPNffL3M=",
      "dev": true
    },
    "chalk": {
      "version": "4.1.2",
      "resolved": "http://10.10.5.36:4873/chalk/-/chalk-4.1.2.tgz",
      "integrity": "sha1-qsTit3NKdAhnrrFr8CqtVWoeegE=",
      "dev": true,
      "requires": {
        "ansi-styles": "^4.1.0",
        "supports-color": "^7.1.0"
      }
    },
    "clean-stack": {
      "version": "2.2.0",
      "resolved": "http://10.10.5.36:4873/clean-stack/-/clean-stack-2.2.0.tgz",
      "integrity": "sha1-7oRy27Ep5yezHooQpCfe6d/kAIs=",
      "dev": true
    },
    "cli-cursor": {
      "version": "3.1.0",
      "resolved": "http://10.10.5.36:4873/cli-cursor/-/cli-cursor-3.1.0.tgz",
      "integrity": "sha1-JkMFp65JDR0Dvwybp8kl0XU68wc=",
      "dev": true,
      "requires": {
        "restore-cursor": "^3.1.0"
      }
    },
    "cli-truncate": {
      "version": "2.1.0",
      "resolved": "http://10.10.5.36:4873/cli-truncate/-/cli-truncate-2.1.0.tgz",
      "integrity": "sha1-w54ovwXtzeW+O5iZKiLe7Vork8c=",
      "dev": true,
      "requires": {
        "slice-ansi": "^3.0.0",
        "string-width": "^4.2.0"
      }
    },
    "color-convert": {
      "version": "2.0.1",
      "resolved": "http://10.10.5.36:4873/color-convert/-/color-convert-2.0.1.tgz",
      "integrity": "sha1-ctOmjVmMm9s68q0ehPIdiWq9TeM=",
      "dev": true,
      "requires": {
        "color-name": "~1.1.4"
      }
    },
    "color-name": {
      "version": "1.1.4",
      "resolved": "http://10.10.5.36:4873/color-name/-/color-name-1.1.4.tgz",
      "integrity": "sha1-wqCah6y95pVD3m9j+jmVyCbFNqI=",
      "dev": true
    },
    "colorette": {
      "version": "1.3.0",
      "resolved": "http://10.10.5.36:4873/colorette/-/colorette-1.3.0.tgz",
      "integrity": "sha1-/0XS8O2yRAadO3cq3rBP7TjQoK8=",
      "dev": true
    },
    "commander": {
      "version": "7.2.0",
      "resolved": "http://10.10.5.36:4873/commander/-/commander-7.2.0.tgz",
      "integrity": "sha1-o2y1fQtQHOEI5NIFWaFQo5HZerc=",
      "dev": true
    },
    "consolidate": {
      "version": "0.16.0",
      "resolved": "http://10.10.5.36:4873/consolidate/-/consolidate-0.16.0.tgz",
      "integrity": "sha1-oRhkdokw8vGUMWYKZZBmaPX73BY=",
      "dev": true,
      "requires": {
        "bluebird": "^3.7.2"
      }
    },
    "cosmiconfig": {
      "version": "7.0.1",
      "resolved": "http://10.10.5.36:4873/cosmiconfig/-/cosmiconfig-7.0.1.tgz",
      "integrity": "sha1-cU11ZSLKzoZ4Z8y0R0xdAbuuXW0=",
      "dev": true,
      "requires": {
        "@types/parse-json": "^4.0.0",
        "import-fresh": "^3.2.1",
        "parse-json": "^5.0.0",
        "path-type": "^4.0.0",
        "yaml": "^1.10.0"
      }
    },
    "cross-spawn": {
      "version": "7.0.3",
      "resolved": "http://10.10.5.36:4873/cross-spawn/-/cross-spawn-7.0.3.tgz",
      "integrity": "sha1-9zqFudXUHQRVUcF34ogtSshXKKY=",
      "dev": true,
      "requires": {
        "path-key": "^3.1.0",
        "shebang-command": "^2.0.0",
        "which": "^2.0.1"
      }
    },
    "cssesc": {
      "version": "3.0.0",
      "resolved": "http://10.10.5.36:4873/cssesc/-/cssesc-3.0.0.tgz",
      "integrity": "sha1-N3QZGZA7hoVl4cCep0dEXNGJg+4=",
      "dev": true
    },
    "csstype": {
      "version": "2.6.17",
      "resolved": "http://10.10.5.36:4873/csstype/-/csstype-2.6.17.tgz",
      "integrity": "sha1-TPMOuH4dGgBdi2UQ+VKSQT9qHA4="
    },
    "debug": {
      "version": "4.3.2",
      "resolved": "http://10.10.5.36:4873/debug/-/debug-4.3.2.tgz",
      "integrity": "sha1-8KScGKyHeeMdSgxgKd+3aHPHQos=",
      "dev": true,
      "requires": {
        "ms": "2.1.2"
      }
    },
    "emoji-regex": {
      "version": "8.0.0",
      "resolved": "http://10.10.5.36:4873/emoji-regex/-/emoji-regex-8.0.0.tgz",
      "integrity": "sha1-6Bj9ac5cz8tARZT4QpY79TFkzDc=",
      "dev": true
    },
    "emojis-list": {
      "version": "3.0.0",
      "resolved": "http://10.10.5.36:4873/emojis-list/-/emojis-list-3.0.0.tgz",
      "integrity": "sha1-VXBmIEatKeLpFucariYKvf9Pang=",
      "dev": true
    },
    "enquirer": {
      "version": "2.3.6",
      "resolved": "http://10.10.5.36:4873/enquirer/-/enquirer-2.3.6.tgz",
      "integrity": "sha1-Kn/l3WNKHkElqXXsmU/1RW3Dc00=",
      "dev": true,
      "requires": {
        "ansi-colors": "^4.1.1"
      }
    },
    "error-ex": {
      "version": "1.3.2",
      "resolved": "http://10.10.5.36:4873/error-ex/-/error-ex-1.3.2.tgz",
      "integrity": "sha1-tKxAZIEH/c3PriQvQovqihTU8b8=",
      "dev": true,
      "requires": {
        "is-arrayish": "^0.2.1"
      }
    },
    "esbuild": {
      "version": "0.12.20",
      "resolved": "http://10.10.5.36:4873/esbuild/-/esbuild-0.12.20.tgz",
      "integrity": "sha1-TTydg8maQDHgJ7QqTDmMI7aCfLA=",
      "dev": true
    },
    "escape-string-regexp": {
      "version": "1.0.5",
      "resolved": "http://10.10.5.36:4873/escape-string-regexp/-/escape-string-regexp-1.0.5.tgz",
      "integrity": "sha1-G2HAViGQqN/2rjuyzwIAyhMLhtQ=",
      "dev": true
    },
    "estree-walker": {
      "version": "2.0.2",
      "resolved": "http://10.10.5.36:4873/estree-walker/-/estree-walker-2.0.2.tgz",
      "integrity": "sha1-UvAQF4wqTBF6d1fP6UKtt9LaTKw="
    },
    "execa": {
      "version": "5.1.1",
      "resolved": "http://10.10.5.36:4873/execa/-/execa-5.1.1.tgz",
      "integrity": "sha1-+ArZy/Qpj3vR1MlVXCHpN0HEEd0=",
      "dev": true,
      "requires": {
        "cross-spawn": "^7.0.3",
        "get-stream": "^6.0.0",
        "human-signals": "^2.1.0",
        "is-stream": "^2.0.0",
        "merge-stream": "^2.0.0",
        "npm-run-path": "^4.0.1",
        "onetime": "^5.1.2",
        "signal-exit": "^3.0.3",
        "strip-final-newline": "^2.0.0"
      }
    },
    "fill-range": {
      "version": "7.0.1",
      "resolved": "http://10.10.5.36:4873/fill-range/-/fill-range-7.0.1.tgz",
      "integrity": "sha1-GRmmp8df44ssfHflGYU12prN2kA=",
      "dev": true,
      "requires": {
        "to-regex-range": "^5.0.1"
      }
    },
    "fsevents": {
      "version": "2.3.2",
      "resolved": "http://10.10.5.36:4873/fsevents/-/fsevents-2.3.2.tgz",
      "integrity": "sha1-ilJveLj99GI7cJ4Ll1xSwkwC/Ro=",
      "dev": true,
      "optional": true
    },
    "function-bind": {
      "version": "1.1.1",
      "resolved": "http://10.10.5.36:4873/function-bind/-/function-bind-1.1.1.tgz",
      "integrity": "sha1-pWiZ0+o8m6uHS7l3O3xe3pL0iV0=",
      "dev": true
    },
    "generic-names": {
      "version": "2.0.1",
      "resolved": "http://10.10.5.36:4873/generic-names/-/generic-names-2.0.1.tgz",
      "integrity": "sha1-+KN46tLMqno08DF7BVVIMq5BuHI=",
      "dev": true,
      "requires": {
        "loader-utils": "^1.1.0"
      }
    },
    "get-own-enumerable-property-symbols": {
      "version": "3.0.2",
      "resolved": "http://10.10.5.36:4873/get-own-enumerable-property-symbols/-/get-own-enumerable-property-symbols-3.0.2.tgz",
      "integrity": "sha1-tf3nfyLL4185C04ImSLFC85u9mQ=",
      "dev": true
    },
    "get-stream": {
      "version": "6.0.1",
      "resolved": "http://10.10.5.36:4873/get-stream/-/get-stream-6.0.1.tgz",
      "integrity": "sha1-omLY7vZ6ztV8KFKtYWdSakPL97c=",
      "dev": true
    },
    "has": {
      "version": "1.0.3",
      "resolved": "http://10.10.5.36:4873/has/-/has-1.0.3.tgz",
      "integrity": "sha1-ci18v8H2qoJB8W3YFOAR4fQeh5Y=",
      "dev": true,
      "requires": {
        "function-bind": "^1.1.1"
      }
    },
    "has-flag": {
      "version": "4.0.0",
      "resolved": "http://10.10.5.36:4873/has-flag/-/has-flag-4.0.0.tgz",
      "integrity": "sha1-lEdx/ZyByBJlxNaUGGDaBrtZR5s=",
      "dev": true
    },
    "hash-sum": {
      "version": "2.0.0",
      "resolved": "http://10.10.5.36:4873/hash-sum/-/hash-sum-2.0.0.tgz",
      "integrity": "sha1-gdAbtd6OpKIUrV1urRtSNGCwtFo=",
      "dev": true
    },
    "human-signals": {
      "version": "2.1.0",
      "resolved": "http://10.10.5.36:4873/human-signals/-/human-signals-2.1.0.tgz",
      "integrity": "sha1-3JH8ukLk0G5Kuu0zs+ejwC9RTqA=",
      "dev": true
    },
    "husky": {
      "version": "7.0.2",
      "resolved": "http://10.10.5.36:4873/husky/-/husky-7.0.2.tgz",
      "integrity": "sha1-IZANoPMBmazKQ6RsBDxK2Erojf8=",
      "dev": true
    },
    "icss-replace-symbols": {
      "version": "1.1.0",
      "resolved": "http://10.10.5.36:4873/icss-replace-symbols/-/icss-replace-symbols-1.1.0.tgz",
      "integrity": "sha1-Bupvg2ead0njhs/h/oEq5dsiPe0=",
      "dev": true
    },
    "icss-utils": {
      "version": "5.1.0",
      "resolved": "http://10.10.5.36:4873/icss-utils/-/icss-utils-5.1.0.tgz",
      "integrity": "sha1-xr5oWKvQE9do6YNmrkfiXViHsa4=",
      "dev": true
    },
    "import-fresh": {
      "version": "3.3.0",
      "resolved": "http://10.10.5.36:4873/import-fresh/-/import-fresh-3.3.0.tgz",
      "integrity": "sha1-NxYsJfy566oublPVtNiM4X2eDCs=",
      "dev": true,
      "requires": {
        "parent-module": "^1.0.0",
        "resolve-from": "^4.0.0"
      }
    },
    "indent-string": {
      "version": "4.0.0",
      "resolved": "http://10.10.5.36:4873/indent-string/-/indent-string-4.0.0.tgz",
      "integrity": "sha1-Yk+PRJfWGbLZdoUx1Y9BIoVNclE=",
      "dev": true
    },
    "is-arrayish": {
      "version": "0.2.1",
      "resolved": "http://10.10.5.36:4873/is-arrayish/-/is-arrayish-0.2.1.tgz",
      "integrity": "sha1-d8mYQFJ6qOyxqLppe4BkWnqSap0=",
      "dev": true
    },
    "is-core-module": {
      "version": "2.6.0",
      "resolved": "http://10.10.5.36:4873/is-core-module/-/is-core-module-2.6.0.tgz",
      "integrity": "sha1-11U7JSb+Wbkro+QMjfdX7Ipwnhk=",
      "dev": true,
      "requires": {
        "has": "^1.0.3"
      }
    },
    "is-fullwidth-code-point": {
      "version": "3.0.0",
      "resolved": "http://10.10.5.36:4873/is-fullwidth-code-point/-/is-fullwidth-code-point-3.0.0.tgz",
      "integrity": "sha1-8Rb4Bk/pCz94RKOJl8C3UFEmnx0=",
      "dev": true
    },
    "is-number": {
      "version": "7.0.0",
      "resolved": "http://10.10.5.36:4873/is-number/-/is-number-7.0.0.tgz",
      "integrity": "sha1-dTU0W4lnNNX4DE0GxQlVUnoU8Ss=",
      "dev": true
    },
    "is-obj": {
      "version": "1.0.1",
      "resolved": "http://10.10.5.36:4873/is-obj/-/is-obj-1.0.1.tgz",
      "integrity": "sha1-PkcprB9f3gJc19g6iW2rn09n2w8=",
      "dev": true
    },
    "is-regexp": {
      "version": "1.0.0",
      "resolved": "http://10.10.5.36:4873/is-regexp/-/is-regexp-1.0.0.tgz",
      "integrity": "sha1-/S2INUXEa6xaYz57mgnof6LLUGk=",
      "dev": true
    },
    "is-stream": {
      "version": "2.0.1",
      "resolved": "http://10.10.5.36:4873/is-stream/-/is-stream-2.0.1.tgz",
      "integrity": "sha1-+sHj1TuXrVqdCunO8jifWBClwHc=",
      "dev": true
    },
    "is-unicode-supported": {
      "version": "0.1.0",
      "resolved": "http://10.10.5.36:4873/is-unicode-supported/-/is-unicode-supported-0.1.0.tgz",
      "integrity": "sha1-PybHaoCVk7Ur+i7LVxDtJ3m1Iqc=",
      "dev": true
    },
    "isexe": {
      "version": "2.0.0",
      "resolved": "http://10.10.5.36:4873/isexe/-/isexe-2.0.0.tgz",
      "integrity": "sha1-6PvzdNxVb/iUehDcsFctYz8s+hA=",
      "dev": true
    },
    "js-tokens": {
      "version": "4.0.0",
      "resolved": "http://10.10.5.36:4873/js-tokens/-/js-tokens-4.0.0.tgz",
      "integrity": "sha1-GSA/tZmR35jjoocFDUZHzerzJJk=",
      "dev": true
    },
    "json-parse-even-better-errors": {
      "version": "2.3.1",
      "resolved": "http://10.10.5.36:4873/json-parse-even-better-errors/-/json-parse-even-better-errors-2.3.1.tgz",
      "integrity": "sha1-fEeAWpQxmSjgV3dAXcEuH3pO4C0=",
      "dev": true
    },
    "json5": {
      "version": "1.0.1",
      "resolved": "http://10.10.5.36:4873/json5/-/json5-1.0.1.tgz",
      "integrity": "sha1-d5+wAYYE+oVOrL9iUhgNg1Q+Pb4=",
      "dev": true,
      "requires": {
        "minimist": "^1.2.0"
      }
    },
    "lines-and-columns": {
      "version": "1.1.6",
      "resolved": "http://10.10.5.36:4873/lines-and-columns/-/lines-and-columns-1.1.6.tgz",
      "integrity": "sha1-HADHQ7QzzQpOgHWPe2SldEDZ/wA=",
      "dev": true
    },
    "lint-staged": {
      "version": "11.1.2",
      "resolved": "http://10.10.5.36:4873/lint-staged/-/lint-staged-11.1.2.tgz",
      "integrity": "sha1-TdeHgq5D7m6/KWnK2a9npGszzZA=",
      "dev": true,
      "requires": {
        "chalk": "^4.1.1",
        "cli-truncate": "^2.1.0",
        "commander": "^7.2.0",
        "cosmiconfig": "^7.0.0",
        "debug": "^4.3.1",
        "enquirer": "^2.3.6",
        "execa": "^5.0.0",
        "listr2": "^3.8.2",
        "log-symbols": "^4.1.0",
        "micromatch": "^4.0.4",
        "normalize-path": "^3.0.0",
        "please-upgrade-node": "^3.2.0",
        "string-argv": "0.3.1",
        "stringify-object": "^3.3.0"
      }
    },
    "listr2": {
      "version": "3.11.1",
      "resolved": "http://10.10.5.36:4873/listr2/-/listr2-3.11.1.tgz",
      "integrity": "sha1-qbq1zVh0/Ty3gnEY2+pv7e+8tD8=",
      "dev": true,
      "requires": {
        "cli-truncate": "^2.1.0",
        "colorette": "^1.2.2",
        "log-update": "^4.0.0",
        "p-map": "^4.0.0",
        "rxjs": "^6.6.7",
        "through": "^2.3.8",
        "wrap-ansi": "^7.0.0"
      }
    },
    "loader-utils": {
      "version": "1.4.0",
      "resolved": "http://10.10.5.36:4873/loader-utils/-/loader-utils-1.4.0.tgz",
      "integrity": "sha1-xXm140yzSxp07cbB+za/o3HVphM=",
      "dev": true,
      "requires": {
        "big.js": "^5.2.2",
        "emojis-list": "^3.0.0",
        "json5": "^1.0.1"
      }
    },
    "lodash.camelcase": {
      "version": "4.3.0",
      "resolved": "http://10.10.5.36:4873/lodash.camelcase/-/lodash.camelcase-4.3.0.tgz",
      "integrity": "sha1-soqmKIorn8ZRA1x3EfZathkDMaY=",
      "dev": true
    },
    "log-symbols": {
      "version": "4.1.0",
      "resolved": "http://10.10.5.36:4873/log-symbols/-/log-symbols-4.1.0.tgz",
      "integrity": "sha1-P727lbRoOsn8eFER55LlWNSr1QM=",
      "dev": true,
      "requires": {
        "chalk": "^4.1.0",
        "is-unicode-supported": "^0.1.0"
      }
    },
    "log-update": {
      "version": "4.0.0",
      "resolved": "http://10.10.5.36:4873/log-update/-/log-update-4.0.0.tgz",
      "integrity": "sha1-WJ7NNSRx8qHAxXAodUOmTf0g4KE=",
      "dev": true,
      "requires": {
        "ansi-escapes": "^4.3.0",
        "cli-cursor": "^3.1.0",
        "slice-ansi": "^4.0.0",
        "wrap-ansi": "^6.2.0"
      },
      "dependencies": {
        "slice-ansi": {
          "version": "4.0.0",
          "resolved": "http://10.10.5.36:4873/slice-ansi/-/slice-ansi-4.0.0.tgz",
          "integrity": "sha1-UA6N0P1VsFgVCGJVsxla3ypF/ms=",
          "dev": true,
          "requires": {
            "ansi-styles": "^4.0.0",
            "astral-regex": "^2.0.0",
            "is-fullwidth-code-point": "^3.0.0"
          }
        },
        "wrap-ansi": {
          "version": "6.2.0",
          "resolved": "http://10.10.5.36:4873/wrap-ansi/-/wrap-ansi-6.2.0.tgz",
          "integrity": "sha1-6Tk7oHEC5skaOyIUePAlfNKFblM=",
          "dev": true,
          "requires": {
            "ansi-styles": "^4.0.0",
            "string-width": "^4.1.0",
            "strip-ansi": "^6.0.0"
          }
        }
      }
    },
    "lru-cache": {
      "version": "5.1.1",
      "resolved": "http://10.10.5.36:4873/lru-cache/-/lru-cache-5.1.1.tgz",
      "integrity": "sha1-HaJ+ZxAnGUdpXa9oSOhH8B2EuSA=",
      "dev": true,
      "requires": {
        "yallist": "^3.0.2"
      }
    },
    "magic-string": {
      "version": "0.25.7",
      "resolved": "http://10.10.5.36:4873/magic-string/-/magic-string-0.25.7.tgz",
      "integrity": "sha1-P0l9b9NMZpxnmNy4IfLvMfVEUFE=",
      "dev": true,
      "requires": {
        "sourcemap-codec": "^1.4.4"
      }
    },
    "merge-source-map": {
      "version": "1.1.0",
      "resolved": "http://10.10.5.36:4873/merge-source-map/-/merge-source-map-1.1.0.tgz",
      "integrity": "sha1-L93n5gIJOfcJBqaPLXrmheTIxkY=",
      "dev": true,
      "requires": {
        "source-map": "^0.6.1"
      }
    },
    "merge-stream": {
      "version": "2.0.0",
      "resolved": "http://10.10.5.36:4873/merge-stream/-/merge-stream-2.0.0.tgz",
      "integrity": "sha1-UoI2KaFN0AyXcPtq1H3GMQ8sH2A=",
      "dev": true
    },
    "micromatch": {
      "version": "4.0.4",
      "resolved": "http://10.10.5.36:4873/micromatch/-/micromatch-4.0.4.tgz",
      "integrity": "sha1-iW1Rnf6dsl/OlM63pQCRm/iB6/k=",
      "dev": true,
      "requires": {
        "braces": "^3.0.1",
        "picomatch": "^2.2.3"
      }
    },
    "mimic-fn": {
      "version": "2.1.0",
      "resolved": "http://10.10.5.36:4873/mimic-fn/-/mimic-fn-2.1.0.tgz",
      "integrity": "sha1-ftLCzMyvhNP/y3pptXcR/CCDQBs=",
      "dev": true
    },
    "minimist": {
      "version": "1.2.5",
      "resolved": "http://10.10.5.36:4873/minimist/-/minimist-1.2.5.tgz",
      "integrity": "sha1-Z9ZgFLZqaoqqDAg8X9WN9OTpdgI=",
      "dev": true
    },
    "ms": {
      "version": "2.1.2",
      "resolved": "http://10.10.5.36:4873/ms/-/ms-2.1.2.tgz",
      "integrity": "sha1-0J0fNXtEP0kzgqjrPM0YOHKuYAk=",
      "dev": true
    },
    "nanoid": {
      "version": "3.1.25",
      "resolved": "http://10.10.5.36:4873/nanoid/-/nanoid-3.1.25.tgz",
      "integrity": "sha1-CcoydHwOVD8OGBS303k0d/nI4VI=",
      "dev": true
    },
    "normalize-path": {
      "version": "3.0.0",
      "resolved": "http://10.10.5.36:4873/normalize-path/-/normalize-path-3.0.0.tgz",
      "integrity": "sha1-Dc1p/yOhybEf0JeDFmRKA4ghamU=",
      "dev": true
    },
    "npm-run-path": {
      "version": "4.0.1",
      "resolved": "http://10.10.5.36:4873/npm-run-path/-/npm-run-path-4.0.1.tgz",
      "integrity": "sha1-t+zR5e1T2o43pV4cImnguX7XSOo=",
      "dev": true,
      "requires": {
        "path-key": "^3.0.0"
      }
    },
    "onetime": {
      "version": "5.1.2",
      "resolved": "http://10.10.5.36:4873/onetime/-/onetime-5.1.2.tgz",
      "integrity": "sha1-0Oluu1awdHbfHdnEgG5SN5hcpF4=",
      "dev": true,
      "requires": {
        "mimic-fn": "^2.1.0"
      }
    },
    "p-map": {
      "version": "4.0.0",
      "resolved": "http://10.10.5.36:4873/p-map/-/p-map-4.0.0.tgz",
      "integrity": "sha1-uy+Vpe2i7BaOySdOBqdHw+KQTSs=",
      "dev": true,
      "requires": {
        "aggregate-error": "^3.0.0"
      }
    },
    "parent-module": {
      "version": "1.0.1",
      "resolved": "http://10.10.5.36:4873/parent-module/-/parent-module-1.0.1.tgz",
      "integrity": "sha1-aR0nCeeMefrjoVZiJFLQB2LKqqI=",
      "dev": true,
      "requires": {
        "callsites": "^3.0.0"
      }
    },
    "parse-json": {
      "version": "5.2.0",
      "resolved": "http://10.10.5.36:4873/parse-json/-/parse-json-5.2.0.tgz",
      "integrity": "sha1-x2/Gbe5UIxyWKyK8yKcs8vmXU80=",
      "dev": true,
      "requires": {
        "@babel/code-frame": "^7.0.0",
        "error-ex": "^1.3.1",
        "json-parse-even-better-errors": "^2.3.0",
        "lines-and-columns": "^1.1.6"
      }
    },
    "path-key": {
      "version": "3.1.1",
      "resolved": "http://10.10.5.36:4873/path-key/-/path-key-3.1.1.tgz",
      "integrity": "sha1-WB9q3mWMu6ZaDTOA3ndTKVBU83U=",
      "dev": true
    },
    "path-parse": {
      "version": "1.0.7",
      "resolved": "http://10.10.5.36:4873/path-parse/-/path-parse-1.0.7.tgz",
      "integrity": "sha1-+8EUtgykKzDZ2vWFjkvWi77bZzU=",
      "dev": true
    },
    "path-type": {
      "version": "4.0.0",
      "resolved": "http://10.10.5.36:4873/path-type/-/path-type-4.0.0.tgz",
      "integrity": "sha1-hO0BwKe6OAr+CdkKjBgNzZ0DBDs=",
      "dev": true
    },
    "picomatch": {
      "version": "2.3.0",
      "resolved": "http://10.10.5.36:4873/picomatch/-/picomatch-2.3.0.tgz",
      "integrity": "sha1-8fBh3o9qS/AiiS4tEoI0+5gwKXI=",
      "dev": true
    },
    "please-upgrade-node": {
      "version": "3.2.0",
      "resolved": "http://10.10.5.36:4873/please-upgrade-node/-/please-upgrade-node-3.2.0.tgz",
      "integrity": "sha1-rt3T+ZTJM+StmLmdmlVu+g4v6UI=",
      "dev": true,
      "requires": {
        "semver-compare": "^1.0.0"
      }
    },
    "postcss": {
      "version": "8.3.6",
      "resolved": "http://10.10.5.36:4873/postcss/-/postcss-8.3.6.tgz",
      "integrity": "sha1-JzDddql5afN/U7mmCWGXvjEcxOo=",
      "dev": true,
      "requires": {
        "colorette": "^1.2.2",
        "nanoid": "^3.1.23",
        "source-map-js": "^0.6.2"
      }
    },
    "postcss-modules": {
      "version": "4.2.2",
      "resolved": "http://10.10.5.36:4873/postcss-modules/-/postcss-modules-4.2.2.tgz",
      "integrity": "sha1-Xnd3xaiWTqF2kZ2QsuVO+JEyHOU=",
      "dev": true,
      "requires": {
        "generic-names": "^2.0.1",
        "icss-replace-symbols": "^1.1.0",
        "lodash.camelcase": "^4.3.0",
        "postcss-modules-extract-imports": "^3.0.0",
        "postcss-modules-local-by-default": "^4.0.0",
        "postcss-modules-scope": "^3.0.0",
        "postcss-modules-values": "^4.0.0",
        "string-hash": "^1.1.1"
      }
    },
    "postcss-modules-extract-imports": {
      "version": "3.0.0",
      "resolved": "http://10.10.5.36:4873/postcss-modules-extract-imports/-/postcss-modules-extract-imports-3.0.0.tgz",
      "integrity": "sha1-zaHwR8CugMl9vijD52pDuIAldB0=",
      "dev": true
    },
    "postcss-modules-local-by-default": {
      "version": "4.0.0",
      "resolved": "http://10.10.5.36:4873/postcss-modules-local-by-default/-/postcss-modules-local-by-default-4.0.0.tgz",
      "integrity": "sha1-67tU+uFZjuz99pGgKz/zs5ClpRw=",
      "dev": true,
      "requires": {
        "icss-utils": "^5.0.0",
        "postcss-selector-parser": "^6.0.2",
        "postcss-value-parser": "^4.1.0"
      }
    },
    "postcss-modules-scope": {
      "version": "3.0.0",
      "resolved": "http://10.10.5.36:4873/postcss-modules-scope/-/postcss-modules-scope-3.0.0.tgz",
      "integrity": "sha1-nvMVFFbTu/oSDKRImN/Kby+gHwY=",
      "dev": true,
      "requires": {
        "postcss-selector-parser": "^6.0.4"
      }
    },
    "postcss-modules-values": {
      "version": "4.0.0",
      "resolved": "http://10.10.5.36:4873/postcss-modules-values/-/postcss-modules-values-4.0.0.tgz",
      "integrity": "sha1-18Xn5ow7s8myfL9Iyguz/7RgLJw=",
      "dev": true,
      "requires": {
        "icss-utils": "^5.0.0"
      }
    },
    "postcss-selector-parser": {
      "version": "6.0.6",
      "resolved": "http://10.10.5.36:4873/postcss-selector-parser/-/postcss-selector-parser-6.0.6.tgz",
      "integrity": "sha1-LFu6gXSsL2mBq2MaQqsO5UrzMuo=",
      "dev": true,
      "requires": {
        "cssesc": "^3.0.0",
        "util-deprecate": "^1.0.2"
      }
    },
    "postcss-value-parser": {
      "version": "4.1.0",
      "resolved": "http://10.10.5.36:4873/postcss-value-parser/-/postcss-value-parser-4.1.0.tgz",
      "integrity": "sha1-RD9qIM7WSBor2k+oUypuVdeJoss=",
      "dev": true
    },
    "resolve": {
      "version": "1.20.0",
      "resolved": "http://10.10.5.36:4873/resolve/-/resolve-1.20.0.tgz",
      "integrity": "sha1-YpoBP7P3B1XW8LeTXMHCxTeLGXU=",
      "dev": true,
      "requires": {
        "is-core-module": "^2.2.0",
        "path-parse": "^1.0.6"
      }
    },
    "resolve-from": {
      "version": "4.0.0",
      "resolved": "http://10.10.5.36:4873/resolve-from/-/resolve-from-4.0.0.tgz",
      "integrity": "sha1-SrzYUq0y3Xuqv+m0DgCjbbXzkuY=",
      "dev": true
    },
    "restore-cursor": {
      "version": "3.1.0",
      "resolved": "http://10.10.5.36:4873/restore-cursor/-/restore-cursor-3.1.0.tgz",
      "integrity": "sha1-OfZ8VLOnpYzqUjbZXPADQjljH34=",
      "dev": true,
      "requires": {
        "onetime": "^5.1.0",
        "signal-exit": "^3.0.2"
      }
    },
    "rollup": {
      "version": "2.56.2",
      "resolved": "http://10.10.5.36:4873/rollup/-/rollup-2.56.2.tgz",
      "integrity": "sha1-oEX/P2r1PuAJtfUBbKPaAynlRw8=",
      "dev": true,
      "requires": {
        "fsevents": "~2.3.2"
      }
    },
    "rxjs": {
      "version": "6.6.7",
      "resolved": "http://10.10.5.36:4873/rxjs/-/rxjs-6.6.7.tgz",
      "integrity": "sha1-kKwBisq/SRv2UEQjXVhjxNq4BMk=",
      "dev": true,
      "requires": {
        "tslib": "^1.9.0"
      }
    },
    "semver-compare": {
      "version": "1.0.0",
      "resolved": "http://10.10.5.36:4873/semver-compare/-/semver-compare-1.0.0.tgz",
      "integrity": "sha1-De4hahyUGrN+nvsXiPavxf9VN/w=",
      "dev": true
    },
    "shebang-command": {
      "version": "2.0.0",
      "resolved": "http://10.10.5.36:4873/shebang-command/-/shebang-command-2.0.0.tgz",
      "integrity": "sha1-zNCvT4g1+9wmW4JGGq8MNmY/NOo=",
      "dev": true,
      "requires": {
        "shebang-regex": "^3.0.0"
      }
    },
    "shebang-regex": {
      "version": "3.0.0",
      "resolved": "http://10.10.5.36:4873/shebang-regex/-/shebang-regex-3.0.0.tgz",
      "integrity": "sha1-rhbxZE2HPsrYQ7AwexQzYtTEIXI=",
      "dev": true
    },
    "signal-exit": {
      "version": "3.0.3",
      "resolved": "http://10.10.5.36:4873/signal-exit/-/signal-exit-3.0.3.tgz",
      "integrity": "sha1-oUEMLt2PB3sItOJTyOrPyvBXRhw=",
      "dev": true
    },
    "slice-ansi": {
      "version": "3.0.0",
      "resolved": "http://10.10.5.36:4873/slice-ansi/-/slice-ansi-3.0.0.tgz",
      "integrity": "sha1-Md3BCTCht+C2ewjJbC9Jt3p4l4c=",
      "dev": true,
      "requires": {
        "ansi-styles": "^4.0.0",
        "astral-regex": "^2.0.0",
        "is-fullwidth-code-point": "^3.0.0"
      }
    },
    "source-map": {
      "version": "0.6.1",
      "resolved": "http://10.10.5.36:4873/source-map/-/source-map-0.6.1.tgz",
      "integrity": "sha1-dHIq8y6WFOnCh6jQu95IteLxomM="
    },
    "source-map-js": {
      "version": "0.6.2",
      "resolved": "http://10.10.5.36:4873/source-map-js/-/source-map-js-0.6.2.tgz",
      "integrity": "sha1-C7XeYxtBz72mz7qL0FqA79/SOF4=",
      "dev": true
    },
    "sourcemap-codec": {
      "version": "1.4.8",
      "resolved": "http://10.10.5.36:4873/sourcemap-codec/-/sourcemap-codec-1.4.8.tgz",
      "integrity": "sha1-6oBL2UhXQC5pktBaOO8a41qatMQ=",
      "dev": true
    },
    "string-argv": {
      "version": "0.3.1",
      "resolved": "http://10.10.5.36:4873/string-argv/-/string-argv-0.3.1.tgz",
      "integrity": "sha1-leL77AQnrhkYSTX4FtdKqkxcGdo=",
      "dev": true
    },
    "string-hash": {
      "version": "1.1.3",
      "resolved": "http://10.10.5.36:4873/string-hash/-/string-hash-1.1.3.tgz",
      "integrity": "sha1-6Kr8CsGFW0Zmkp7X3RJ1311sgRs=",
      "dev": true
    },
    "string-width": {
      "version": "4.2.2",
      "resolved": "http://10.10.5.36:4873/string-width/-/string-width-4.2.2.tgz",
      "integrity": "sha1-2v1PlVmnWFz7pSnGoKT3NIjr1MU=",
      "dev": true,
      "requires": {
        "emoji-regex": "^8.0.0",
        "is-fullwidth-code-point": "^3.0.0",
        "strip-ansi": "^6.0.0"
      }
    },
    "stringify-object": {
      "version": "3.3.0",
      "resolved": "http://10.10.5.36:4873/stringify-object/-/stringify-object-3.3.0.tgz",
      "integrity": "sha1-cDBlrvyhkwDTzoivT1s5VtdVZik=",
      "dev": true,
      "requires": {
        "get-own-enumerable-property-symbols": "^3.0.0",
        "is-obj": "^1.0.1",
        "is-regexp": "^1.0.0"
      }
    },
    "strip-ansi": {
      "version": "6.0.0",
      "resolved": "http://10.10.5.36:4873/strip-ansi/-/strip-ansi-6.0.0.tgz",
      "integrity": "sha1-CxVx3XZpzNTz4G4U7x7tJiJa5TI=",
      "dev": true,
      "requires": {
        "ansi-regex": "^5.0.0"
      }
    },
    "strip-final-newline": {
      "version": "2.0.0",
      "resolved": "http://10.10.5.36:4873/strip-final-newline/-/strip-final-newline-2.0.0.tgz",
      "integrity": "sha1-ibhS+y/L6Tb29LMYevsKEsGrWK0=",
      "dev": true
    },
    "supports-color": {
      "version": "7.2.0",
      "resolved": "http://10.10.5.36:4873/supports-color/-/supports-color-7.2.0.tgz",
      "integrity": "sha1-G33NyzK4E4gBs+R4umpRyqiWSNo=",
      "dev": true,
      "requires": {
        "has-flag": "^4.0.0"
      }
    },
    "through": {
      "version": "2.3.8",
      "resolved": "http://10.10.5.36:4873/through/-/through-2.3.8.tgz",
      "integrity": "sha1-DdTJ/6q8NXlgsbckEV1+Doai4fU=",
      "dev": true
    },
    "to-fast-properties": {
      "version": "2.0.0",
      "resolved": "http://10.10.5.36:4873/to-fast-properties/-/to-fast-properties-2.0.0.tgz",
      "integrity": "sha1-3F5pjL0HkmW8c+A3doGk5Og/YW4="
    },
    "to-regex-range": {
      "version": "5.0.1",
      "resolved": "http://10.10.5.36:4873/to-regex-range/-/to-regex-range-5.0.1.tgz",
      "integrity": "sha1-FkjESq58jZiKMmAY7XL1tN0DkuQ=",
      "dev": true,
      "requires": {
        "is-number": "^7.0.0"
      }
    },
    "tslib": {
      "version": "1.14.1",
      "resolved": "http://10.10.5.36:4873/tslib/-/tslib-1.14.1.tgz",
      "integrity": "sha1-zy04vcNKE0vK8QkcQfZhni9nLQA=",
      "dev": true
    },
    "type-fest": {
      "version": "0.21.3",
      "resolved": "http://10.10.5.36:4873/type-fest/-/type-fest-0.21.3.tgz",
      "integrity": "sha1-0mCiSwGYQ24TP6JqUkptZfo7Ljc=",
      "dev": true
    },
    "util-deprecate": {
      "version": "1.0.2",
      "resolved": "http://10.10.5.36:4873/util-deprecate/-/util-deprecate-1.0.2.tgz",
      "integrity": "sha1-RQ1Nyfpw3nMnYvvS1KKJgUGaDM8=",
      "dev": true
    },
    "vite": {
      "version": "2.5.0",
      "resolved": "http://10.10.5.36:4873/vite/-/vite-2.5.0.tgz",
      "integrity": "sha1-ERujZ5Qy1CbkRWas9IAAWnkUy9Y=",
      "dev": true,
      "requires": {
        "esbuild": "^0.12.17",
        "fsevents": "~2.3.2",
        "postcss": "^8.3.6",
        "resolve": "^1.20.0",
        "rollup": "^2.38.5"
      }
    },
    "vue": {
      "version": "3.2.4",
      "resolved": "http://10.10.5.36:4873/vue/-/vue-3.2.4.tgz",
      "integrity": "sha1-2U2IZ15BwFDTpyLQhIpwY7XoemA=",
      "requires": {
        "@vue/compiler-dom": "3.2.4",
        "@vue/runtime-dom": "3.2.4",
        "@vue/shared": "3.2.4"
      }
    },
    "which": {
      "version": "2.0.2",
      "resolved": "http://10.10.5.36:4873/which/-/which-2.0.2.tgz",
      "integrity": "sha1-fGqN0KY2oDJ+ELWckobu6T8/UbE=",
      "dev": true,
      "requires": {
        "isexe": "^2.0.0"
      }
    },
    "wrap-ansi": {
      "version": "7.0.0",
      "resolved": "http://10.10.5.36:4873/wrap-ansi/-/wrap-ansi-7.0.0.tgz",
      "integrity": "sha1-Z+FFz/UQpqaYS98RUpEdadLrnkM=",
      "dev": true,
      "requires": {
        "ansi-styles": "^4.0.0",
        "string-width": "^4.1.0",
        "strip-ansi": "^6.0.0"
      }
    },
    "yallist": {
      "version": "3.1.1",
      "resolved": "http://10.10.5.36:4873/yallist/-/yallist-3.1.1.tgz",
      "integrity": "sha1-27fa+b/YusmrRev2ArjLrQ1dCP0=",
      "dev": true
    },
    "yaml": {
      "version": "1.10.2",
      "resolved": "http://10.10.5.36:4873/yaml/-/yaml-1.10.2.tgz",
      "integrity": "sha1-IwHF/78StGfejaIzOkWeKeeSDks=",
      "dev": true
    }
  }
}
